
Microsoft Visual Studio Solution File, Format Version 12.00
# Visual Studio Version 16
VisualStudioVersion = 16.0.29613.14
MinimumVisualStudioVersion = 10.0.40219.1
Project("{FAE04EC0-301F-11D3-BF4B-00C04F79EFBC}") = "ToyRobot.Core", "ToyRobot.Core\ToyRobot.Core.csproj", "{545C1297-3B62-4020-86A2-3520F7D96357}"
EndProject
Project("{9A19103F-16F7-4668-BE54-9A1E7A4F7556}") = "Workflow.AI", "Workflow.AI\Workflow.AI.csproj", "{0D7BC937-07FB-44E6-9A68-06CE69C06940}"
EndProject
Project("{9A19103F-16F7-4668-BE54-9A1E7A4F7556}") = "Workflow.Models", "Workflow.Models\Workflow.Models.csproj", "{1B23AEC4-5B48-434E-A6BF-44FF712B33A8}"
EndProject
Project("{FAE04EC0-301F-11D3-BF4B-00C04F79EFBC}") = "Workflow.Utility", "Workflow.Utility\Workflow.Utility.csproj", "{CBFB5292-4AD1-4C96-BD4B-4BF0BEE3A2C8}"
EndProject
Project("{FAE04EC0-301F-11D3-BF4B-00C04F79EFBC}") = "ToyRobot.Core.Test", "ToyRobot.Core.Test\ToyRobot.Core.Test.csproj", "{1427E50D-FEE4-4647-AB81-BB750AFF3185}"
EndProject
Global
	GlobalSection(SolutionConfigurationPlatforms) = preSolution
		Debug|Any CPU = Debug|Any CPU
		Release|Any CPU = Release|Any CPU
	EndGlobalSection
	GlobalSection(ProjectConfigurationPlatforms) = postSolution
		{545C1297-3B62-4020-86A2-3520F7D96357}.Debug|Any CPU.ActiveCfg = Debug|Any CPU
		{545C1297-3B62-4020-86A2-3520F7D96357}.Debug|Any CPU.Build.0 = Debug|Any CPU
		{545C1297-3B62-4020-86A2-3520F7D96357}.Release|Any CPU.ActiveCfg = Release|Any CPU
		{545C1297-3B62-4020-86A2-3520F7D96357}.Release|Any CPU.Build.0 = Release|Any CPU
		{0D7BC937-07FB-44E6-9A68-06CE69C06940}.Debug|Any CPU.ActiveCfg = Debug|Any CPU
		{0D7BC937-07FB-44E6-9A68-06CE69C06940}.Debug|Any CPU.Build.0 = Debug|Any CPU
		{0D7BC937-07FB-44E6-9A68-06CE69C06940}.Release|Any CPU.ActiveCfg = Release|Any CPU
		{0D7BC937-07FB-44E6-9A68-06CE69C06940}.Release|Any CPU.Build.0 = Release|Any CPU
		{1B23AEC4-5B48-434E-A6BF-44FF712B33A8}.Debug|Any CPU.ActiveCfg = Debug|Any CPU
		{1B23AEC4-5B48-434E-A6BF-44FF712B33A8}.Debug|Any CPU.Build.0 = Debug|Any CPU
		{1B23AEC4-5B48-434E-A6BF-44FF712B33A8}.Release|Any CPU.ActiveCfg = Release|Any CPU
		{1B23AEC4-5B48-434E-A6BF-44FF712B33A8}.Release|Any CPU.Build.0 = Release|Any CPU
		{CBFB5292-4AD1-4C96-BD4B-4BF0BEE3A2C8}.Debug|Any CPU.ActiveCfg = Debug|Any CPU
		{CBFB5292-4AD1-4C96-BD4B-4BF0BEE3A2C8}.Debug|Any CPU.Build.0 = Debug|Any CPU
		{CBFB5292-4AD1-4C96-BD4B-4BF0BEE3A2C8}.Release|Any CPU.ActiveCfg = Release|Any CPU
		{CBFB5292-4AD1-4C96-BD4B-4BF0BEE3A2C8}.Release|Any CPU.Build.0 = Release|Any CPU
		{1427E50D-FEE4-4647-AB81-BB750AFF3185}.Debug|Any CPU.ActiveCfg = Debug|Any CPU
		{1427E50D-FEE4-4647-AB81-BB750AFF3185}.Debug|Any CPU.Build.0 = Debug|Any CPU
		{1427E50D-FEE4-4647-AB81-BB750AFF3185}.Release|Any CPU.ActiveCfg = Release|Any CPU
		{1427E50D-FEE4-4647-AB81-BB750AFF3185}.Release|Any CPU.Build.0 = Release|Any CPU
	EndGlobalSection
	GlobalSection(SolutionProperties) = preSolution
		HideSolutionNode = FALSE
	EndGlobalSection
	GlobalSection(ExtensibilityGlobals) = postSolution
		SolutionGuid = {3123E40B-E858-4364-832B-9075A8741CE9}
	EndGlobalSection
EndGlobal
